{
  "name": "2-exercise-factory",
  "version": "1.0.0",
  "lockfileVersion": 3,
  "requires": true,
  "packages": {
    "": {
      "name": "2-exercise-factory",
      "version": "1.0.0",
      "license": "MIT",
      "dependencies": {
        "age-calculation-library": "^0.5.2"
      }
    },
    "node_modules/age-calculation-library": {
      "version": "0.5.2",
      "resolved": "https://registry.npmjs.org/age-calculation-library/-/age-calculation-library-0.5.2.tgz",
      "integrity": "sha512-Vafjr/lfFue2EVBpu+/m85IozTjuRR+ypxALll21ryA9j417p85bJMEsxbrTj4kRucxxqFlh936h4qVlLKIm5w==",
      "license": "MIT"
    }
  }
}
