{
  "name": "2-exercise-factory",
  "version": "1.0.0",
  "lockfileVersion": 3,
  "requires": true,
  "packages": {
    "": {
      "name": "2-exercise-factory",
      "version": "1.0.0",
      "license": "MIT",
      "dependencies": {
        "age-calculation-library": "^1.0.0",
        "uuid": "^9.0.0"
      }
    },
    "node_modules/age-calculation-library": {
      "version": "1.0.0",
      "resolved": "https://registry.npmjs.org/age-calculation-library/-/age-calculation-library-1.0.0.tgz",
      "integrity": "sha512-8Nn/2mB+RNf5O/WGnrLe3mOsYealFcZeON5s8lTzMetI5gjTATxSnAU18yyuj+apR9C2/wrbgtLdrQMEsmtJdw=="
    },
    "node_modules/uuid": {
      "version": "9.0.1",
      "resolved": "https://registry.npmjs.org/uuid/-/uuid-9.0.1.tgz",
      "integrity": "sha512-b+1eJOlsR9K8HJpow9Ok3fiWOWSIcIzXodvv0rQjVoOVNpWMpxf1wZNpt4y9h10odCNrqnYp1OBzRktckBe3sA==",
      "funding": [
        "https://github.com/sponsors/broofa",
        "https://github.com/sponsors/ctavan"
      ],
      "license": "MIT",
      "bin": {
        "uuid": "dist/bin/uuid"
      }
    }
  }
}
