{
  "name": "3-exercise-age-calculation-library",
  "version": "1.0.0",
  "lockfileVersion": 3,
  "requires": true,
  "packages": {
    "": {
      "name": "3-exercise-age-calculation-library",
      "version": "1.0.0",
      "license": "ISC",
      "dependencies": {
        "age-calculation-library": "^1.0.0"
      }
    },
    "node_modules/age-calculation-library": {
      "version": "1.0.0",
      "resolved": "https://registry.npmjs.org/age-calculation-library/-/age-calculation-library-1.0.0.tgz",
      "integrity": "sha512-8Nn/2mB+RNf5O/WGnrLe3mOsYealFcZeON5s8lTzMetI5gjTATxSnAU18yyuj+apR9C2/wrbgtLdrQMEsmtJdw=="
    }
  }
}
